
Microsoft Visual Studio Solution File, Format Version 12.00
# Visual Studio Version 17
VisualStudioVersion = 17.0.31912.275
MinimumVisualStudioVersion = 10.0.40219.1
Project("{2150E333-8FDC-42A3-9474-1A3956D46DE8}") = "Creational", "Creational", "{F2EFB4E9-DF1B-4E58-AA38-BDD6C44E7ED7}"
EndProject
Project("{2150E333-8FDC-42A3-9474-1A3956D46DE8}") = "Structural", "Structural", "{DBC7D646-E49D-40E4-991D-877F02A0EF8A}"
EndProject
Project("{2150E333-8FDC-42A3-9474-1A3956D46DE8}") = "Behavioral", "Behavioral", "{464E5243-63A2-4D59-B797-CB623AF0BEAD}"
EndProject
Project("{2150E333-8FDC-42A3-9474-1A3956D46DE8}") = "Singlton", "Singlton", "{8ECBE17E-507E-4858-B5C4-473688D85FC3}"
EndProject
Project("{FAE04EC0-301F-11D3-BF4B-00C04F79EFBC}") = "Singleton", "Singleton\Singleton.csproj", "{FFEE7DB6-3866-4091-8D7D-512D98C3EE6D}"
EndProject
Global
	GlobalSection(SolutionConfigurationPlatforms) = preSolution
		Debug|Any CPU = Debug|Any CPU
		Release|Any CPU = Release|Any CPU
	EndGlobalSection
	GlobalSection(ProjectConfigurationPlatforms) = postSolution
		{FFEE7DB6-3866-4091-8D7D-512D98C3EE6D}.Debug|Any CPU.ActiveCfg = Debug|Any CPU
		{FFEE7DB6-3866-4091-8D7D-512D98C3EE6D}.Debug|Any CPU.Build.0 = Debug|Any CPU
		{FFEE7DB6-3866-4091-8D7D-512D98C3EE6D}.Release|Any CPU.ActiveCfg = Release|Any CPU
		{FFEE7DB6-3866-4091-8D7D-512D98C3EE6D}.Release|Any CPU.Build.0 = Release|Any CPU
	EndGlobalSection
	GlobalSection(SolutionProperties) = preSolution
		HideSolutionNode = FALSE
	EndGlobalSection
	GlobalSection(NestedProjects) = preSolution
		{8ECBE17E-507E-4858-B5C4-473688D85FC3} = {F2EFB4E9-DF1B-4E58-AA38-BDD6C44E7ED7}
		{FFEE7DB6-3866-4091-8D7D-512D98C3EE6D} = {8ECBE17E-507E-4858-B5C4-473688D85FC3}
	EndGlobalSection
	GlobalSection(ExtensibilityGlobals) = postSolution
		SolutionGuid = {B5696957-784B-4322-8FAD-1DB080803487}
	EndGlobalSection
EndGlobal
